
Microsoft Visual Studio Solution File, Format Version 12.00
# Visual Studio Version 17
VisualStudioVersion = 17.8.34408.163
MinimumVisualStudioVersion = 10.0.40219.1
Project("{9A19103F-16F7-4668-BE54-9A1E7A4F7556}") = "LibRubik2", "LibRubik2\LibRubik2.csproj", "{3028172C-D12B-416B-A126-5EC2F4B11C08}"
EndProject
Project("{9A19103F-16F7-4668-BE54-9A1E7A4F7556}") = "Rubik2Console", "Rubik2Console\Rubik2Console.csproj", "{3D82A3D0-8435-465D-8106-B537095865F9}"
EndProject
Global
	GlobalSection(SolutionConfigurationPlatforms) = preSolution
		Debug|Any CPU = Debug|Any CPU
		Debug|x64 = Debug|x64
		Debug|x86 = Debug|x86
		Release|Any CPU = Release|Any CPU
		Release|x64 = Release|x64
		Release|x86 = Release|x86
	EndGlobalSection
	GlobalSection(ProjectConfigurationPlatforms) = postSolution
		{3028172C-D12B-416B-A126-5EC2F4B11C08}.Debug|Any CPU.ActiveCfg = Debug|Any CPU
		{3028172C-D12B-416B-A126-5EC2F4B11C08}.Debug|Any CPU.Build.0 = Debug|Any CPU
		{3028172C-D12B-416B-A126-5EC2F4B11C08}.Debug|x64.ActiveCfg = Debug|x64
		{3028172C-D12B-416B-A126-5EC2F4B11C08}.Debug|x64.Build.0 = Debug|x64
		{3028172C-D12B-416B-A126-5EC2F4B11C08}.Debug|x86.ActiveCfg = Debug|Any CPU
		{3028172C-D12B-416B-A126-5EC2F4B11C08}.Release|Any CPU.ActiveCfg = Release|Any CPU
		{3028172C-D12B-416B-A126-5EC2F4B11C08}.Release|Any CPU.Build.0 = Release|Any CPU
		{3028172C-D12B-416B-A126-5EC2F4B11C08}.Release|x64.ActiveCfg = Release|x64
		{3028172C-D12B-416B-A126-5EC2F4B11C08}.Release|x64.Build.0 = Release|x64
		{3028172C-D12B-416B-A126-5EC2F4B11C08}.Release|x86.ActiveCfg = Release|Any CPU
		{3D82A3D0-8435-465D-8106-B537095865F9}.Debug|Any CPU.ActiveCfg = Debug|Any CPU
		{3D82A3D0-8435-465D-8106-B537095865F9}.Debug|Any CPU.Build.0 = Debug|Any CPU
		{3D82A3D0-8435-465D-8106-B537095865F9}.Debug|x64.ActiveCfg = Debug|x64
		{3D82A3D0-8435-465D-8106-B537095865F9}.Debug|x64.Build.0 = Debug|x64
		{3D82A3D0-8435-465D-8106-B537095865F9}.Debug|x86.ActiveCfg = Debug|Any CPU
		{3D82A3D0-8435-465D-8106-B537095865F9}.Debug|x86.Build.0 = Debug|Any CPU
		{3D82A3D0-8435-465D-8106-B537095865F9}.Release|Any CPU.ActiveCfg = Release|Any CPU
		{3D82A3D0-8435-465D-8106-B537095865F9}.Release|Any CPU.Build.0 = Release|Any CPU
		{3D82A3D0-8435-465D-8106-B537095865F9}.Release|x64.ActiveCfg = Release|x64
		{3D82A3D0-8435-465D-8106-B537095865F9}.Release|x64.Build.0 = Release|x64
		{3D82A3D0-8435-465D-8106-B537095865F9}.Release|x86.ActiveCfg = Release|Any CPU
		{3D82A3D0-8435-465D-8106-B537095865F9}.Release|x86.Build.0 = Release|Any CPU
	EndGlobalSection
	GlobalSection(SolutionProperties) = preSolution
		HideSolutionNode = FALSE
	EndGlobalSection
	GlobalSection(ExtensibilityGlobals) = postSolution
		SolutionGuid = {82CD90F5-F6AF-45E5-B7A2-1DF948CE3A5C}
	EndGlobalSection
EndGlobal
